
Microsoft Visual Studio Solution File, Format Version 12.00
# Visual Studio Version 16
VisualStudioVersion = 16.0.32126.315
MinimumVisualStudioVersion = 10.0.40219.1
Project("{FAE04EC0-301F-11D3-BF4B-00C04F79EFBC}") = "Kitchen.App", "Kitchen.App\Kitchen.App.csproj", "{7E504315-5489-4DB4-AB20-2AEC8F754DEA}"
EndProject
Project("{FAE04EC0-301F-11D3-BF4B-00C04F79EFBC}") = "Kitchen.Library", "Kitchen.Library\Kitchen.Library.csproj", "{9A87A9EE-C72F-483D-8AC7-61BC4F65599F}"
EndProject
Global
	GlobalSection(SolutionConfigurationPlatforms) = preSolution
		Debug|Any CPU = Debug|Any CPU
		Release|Any CPU = Release|Any CPU
	EndGlobalSection
	GlobalSection(ProjectConfigurationPlatforms) = postSolution
		{7E504315-5489-4DB4-AB20-2AEC8F754DEA}.Debug|Any CPU.ActiveCfg = Debug|Any CPU
		{7E504315-5489-4DB4-AB20-2AEC8F754DEA}.Debug|Any CPU.Build.0 = Debug|Any CPU
		{7E504315-5489-4DB4-AB20-2AEC8F754DEA}.Release|Any CPU.ActiveCfg = Release|Any CPU
		{7E504315-5489-4DB4-AB20-2AEC8F754DEA}.Release|Any CPU.Build.0 = Release|Any CPU
		{9A87A9EE-C72F-483D-8AC7-61BC4F65599F}.Debug|Any CPU.ActiveCfg = Debug|Any CPU
		{9A87A9EE-C72F-483D-8AC7-61BC4F65599F}.Debug|Any CPU.Build.0 = Debug|Any CPU
		{9A87A9EE-C72F-483D-8AC7-61BC4F65599F}.Release|Any CPU.ActiveCfg = Release|Any CPU
		{9A87A9EE-C72F-483D-8AC7-61BC4F65599F}.Release|Any CPU.Build.0 = Release|Any CPU
	EndGlobalSection
	GlobalSection(SolutionProperties) = preSolution
		HideSolutionNode = FALSE
	EndGlobalSection
	GlobalSection(ExtensibilityGlobals) = postSolution
		SolutionGuid = {E02AC2C3-9251-4304-ACD4-680176010340}
	EndGlobalSection
EndGlobal
